
Microsoft Visual Studio Solution File, Format Version 12.00
# Visual Studio Version 17
VisualStudioVersion = 17.4.33122.133
MinimumVisualStudioVersion = 10.0.40219.1
Project("{FAE04EC0-301F-11D3-BF4B-00C04F79EFBC}") = "IQ-Api", "IQ-Api\IQ-Api.csproj", "{507D8283-4CD0-48C3-9E7A-0140CD45571A}"
EndProject
Global
	GlobalSection(SolutionConfigurationPlatforms) = preSolution
		Debug|Any CPU = Debug|Any CPU
		Release|Any CPU = Release|Any CPU
	EndGlobalSection
	GlobalSection(ProjectConfigurationPlatforms) = postSolution
		{507D8283-4CD0-48C3-9E7A-0140CD45571A}.Debug|Any CPU.ActiveCfg = Debug|Any CPU
		{507D8283-4CD0-48C3-9E7A-0140CD45571A}.Debug|Any CPU.Build.0 = Debug|Any CPU
		{507D8283-4CD0-48C3-9E7A-0140CD45571A}.Release|Any CPU.ActiveCfg = Release|Any CPU
		{507D8283-4CD0-48C3-9E7A-0140CD45571A}.Release|Any CPU.Build.0 = Release|Any CPU
	EndGlobalSection
	GlobalSection(SolutionProperties) = preSolution
		HideSolutionNode = FALSE
	EndGlobalSection
	GlobalSection(ExtensibilityGlobals) = postSolution
		SolutionGuid = {380EB92C-BA66-4070-95EC-F5F8CE87D712}
	EndGlobalSection
EndGlobal
